
Microsoft Visual Studio Solution File, Format Version 12.00
# Visual Studio Version 16
VisualStudioVersion = 16.0.29728.190
MinimumVisualStudioVersion = 10.0.40219.1
Project("{FAE04EC0-301F-11D3-BF4B-00C04F79EFBC}") = "ShoppingList1", "ShoppingList1\ShoppingList1.csproj", "{1D4749CC-7C89-4DD1-BB9F-9FB050246929}"
EndProject
Global
	GlobalSection(SolutionConfigurationPlatforms) = preSolution
		Debug|Any CPU = Debug|Any CPU
		Release|Any CPU = Release|Any CPU
	EndGlobalSection
	GlobalSection(ProjectConfigurationPlatforms) = postSolution
		{1D4749CC-7C89-4DD1-BB9F-9FB050246929}.Debug|Any CPU.ActiveCfg = Debug|Any CPU
		{1D4749CC-7C89-4DD1-BB9F-9FB050246929}.Debug|Any CPU.Build.0 = Debug|Any CPU
		{1D4749CC-7C89-4DD1-BB9F-9FB050246929}.Release|Any CPU.ActiveCfg = Release|Any CPU
		{1D4749CC-7C89-4DD1-BB9F-9FB050246929}.Release|Any CPU.Build.0 = Release|Any CPU
	EndGlobalSection
	GlobalSection(SolutionProperties) = preSolution
		HideSolutionNode = FALSE
	EndGlobalSection
	GlobalSection(ExtensibilityGlobals) = postSolution
		SolutionGuid = {A6A18A49-C69D-4233-A380-FDF389716A26}
	EndGlobalSection
EndGlobal
